
Microsoft Visual Studio Solution File, Format Version 12.00
# Visual Studio Version 17
VisualStudioVersion = 17.0.31903.59
MinimumVisualStudioVersion = 10.0.40219.1
Project("{2150E333-8FDC-42A3-9474-1A3956D46DE8}") = "src", "src", "{827E0CD3-B72D-47B6-A68D-7590B98EB39B}"
EndProject
Project("{FAE04EC0-301F-11D3-BF4B-00C04F79EFBC}") = "NdJson", "src\NdJson\NdJson.csproj", "{93FC3130-A6FF-458E-9EA9-56AE759DB2FD}"
EndProject
Project("{FAE04EC0-301F-11D3-BF4B-00C04F79EFBC}") = "NdJson.SourceGenerator", "src\NdJson.SourceGenerator\NdJson.SourceGenerator.csproj", "{C6DECA99-6CB7-43E3-A7D5-8A2BC730324C}"
EndProject
Project("{2150E333-8FDC-42A3-9474-1A3956D46DE8}") = "tests", "tests", "{0AB3BF05-4346-4AA6-1389-037BE0695223}"
EndProject
Project("{FAE04EC0-301F-11D3-BF4B-00C04F79EFBC}") = "NdJson.Tests", "tests\NdJson.Tests\NdJson.Tests.csproj", "{C90A8E7B-BEEB-4AC3-8AC4-2FCB495D42FB}"
EndProject
Project("{FAE04EC0-301F-11D3-BF4B-00C04F79EFBC}") = "NdJson.EngineCompat", "tests\NdJson.EngineCompat\NdJson.EngineCompat.csproj", "{488CBBA8-721F-4378-A88F-59EF3C2F3609}"
EndProject
Project("{2150E333-8FDC-42A3-9474-1A3956D46DE8}") = "samples", "samples", "{5D20AA90-6969-D8BD-9DCD-8634F4692FDA}"
EndProject
Project("{2150E333-8FDC-42A3-9474-1A3956D46DE8}") = "Console", "Console", "{315CA803-6594-2960-E914-1C74C996C958}"
EndProject
Project("{FAE04EC0-301F-11D3-BF4B-00C04F79EFBC}") = "NdJson.Sample", "samples\Console\NdJson.Sample.csproj", "{1C01AA3C-B048-43C5-A431-2AF7BBE1222B}"
EndProject
Global
	GlobalSection(SolutionConfigurationPlatforms) = preSolution
		Debug|Any CPU = Debug|Any CPU
		Debug|x64 = Debug|x64
		Debug|x86 = Debug|x86
		Release|Any CPU = Release|Any CPU
		Release|x64 = Release|x64
		Release|x86 = Release|x86
	EndGlobalSection
	GlobalSection(ProjectConfigurationPlatforms) = postSolution
		{93FC3130-A6FF-458E-9EA9-56AE759DB2FD}.Debug|Any CPU.ActiveCfg = Debug|Any CPU
		{93FC3130-A6FF-458E-9EA9-56AE759DB2FD}.Debug|Any CPU.Build.0 = Debug|Any CPU
		{93FC3130-A6FF-458E-9EA9-56AE759DB2FD}.Debug|x64.ActiveCfg = Debug|Any CPU
		{93FC3130-A6FF-458E-9EA9-56AE759DB2FD}.Debug|x64.Build.0 = Debug|Any CPU
		{93FC3130-A6FF-458E-9EA9-56AE759DB2FD}.Debug|x86.ActiveCfg = Debug|Any CPU
		{93FC3130-A6FF-458E-9EA9-56AE759DB2FD}.Debug|x86.Build.0 = Debug|Any CPU
		{93FC3130-A6FF-458E-9EA9-56AE759DB2FD}.Release|Any CPU.ActiveCfg = Release|Any CPU
		{93FC3130-A6FF-458E-9EA9-56AE759DB2FD}.Release|Any CPU.Build.0 = Release|Any CPU
		{93FC3130-A6FF-458E-9EA9-56AE759DB2FD}.Release|x64.ActiveCfg = Release|Any CPU
		{93FC3130-A6FF-458E-9EA9-56AE759DB2FD}.Release|x64.Build.0 = Release|Any CPU
		{93FC3130-A6FF-458E-9EA9-56AE759DB2FD}.Release|x86.ActiveCfg = Release|Any CPU
		{93FC3130-A6FF-458E-9EA9-56AE759DB2FD}.Release|x86.Build.0 = Release|Any CPU
		{C6DECA99-6CB7-43E3-A7D5-8A2BC730324C}.Debug|Any CPU.ActiveCfg = Debug|Any CPU
		{C6DECA99-6CB7-43E3-A7D5-8A2BC730324C}.Debug|Any CPU.Build.0 = Debug|Any CPU
		{C6DECA99-6CB7-43E3-A7D5-8A2BC730324C}.Debug|x64.ActiveCfg = Debug|Any CPU
		{C6DECA99-6CB7-43E3-A7D5-8A2BC730324C}.Debug|x64.Build.0 = Debug|Any CPU
		{C6DECA99-6CB7-43E3-A7D5-8A2BC730324C}.Debug|x86.ActiveCfg = Debug|Any CPU
		{C6DECA99-6CB7-43E3-A7D5-8A2BC730324C}.Debug|x86.Build.0 = Debug|Any CPU
		{C6DECA99-6CB7-43E3-A7D5-8A2BC730324C}.Release|Any CPU.ActiveCfg = Release|Any CPU
		{C6DECA99-6CB7-43E3-A7D5-8A2BC730324C}.Release|Any CPU.Build.0 = Release|Any CPU
		{C6DECA99-6CB7-43E3-A7D5-8A2BC730324C}.Release|x64.ActiveCfg = Release|Any CPU
		{C6DECA99-6CB7-43E3-A7D5-8A2BC730324C}.Release|x64.Build.0 = Release|Any CPU
		{C6DECA99-6CB7-43E3-A7D5-8A2BC730324C}.Release|x86.ActiveCfg = Release|Any CPU
		{C6DECA99-6CB7-43E3-A7D5-8A2BC730324C}.Release|x86.Build.0 = Release|Any CPU
		{C90A8E7B-BEEB-4AC3-8AC4-2FCB495D42FB}.Debug|Any CPU.ActiveCfg = Debug|Any CPU
		{C90A8E7B-BEEB-4AC3-8AC4-2FCB495D42FB}.Debug|Any CPU.Build.0 = Debug|Any CPU
		{C90A8E7B-BEEB-4AC3-8AC4-2FCB495D42FB}.Debug|x64.ActiveCfg = Debug|Any CPU
		{C90A8E7B-BEEB-4AC3-8AC4-2FCB495D42FB}.Debug|x64.Build.0 = Debug|Any CPU
		{C90A8E7B-BEEB-4AC3-8AC4-2FCB495D42FB}.Debug|x86.ActiveCfg = Debug|Any CPU
		{C90A8E7B-BEEB-4AC3-8AC4-2FCB495D42FB}.Debug|x86.Build.0 = Debug|Any CPU
		{C90A8E7B-BEEB-4AC3-8AC4-2FCB495D42FB}.Release|Any CPU.ActiveCfg = Release|Any CPU
		{C90A8E7B-BEEB-4AC3-8AC4-2FCB495D42FB}.Release|Any CPU.Build.0 = Release|Any CPU
		{C90A8E7B-BEEB-4AC3-8AC4-2FCB495D42FB}.Release|x64.ActiveCfg = Release|Any CPU
		{C90A8E7B-BEEB-4AC3-8AC4-2FCB495D42FB}.Release|x64.Build.0 = Release|Any CPU
		{C90A8E7B-BEEB-4AC3-8AC4-2FCB495D42FB}.Release|x86.ActiveCfg = Release|Any CPU
		{C90A8E7B-BEEB-4AC3-8AC4-2FCB495D42FB}.Release|x86.Build.0 = Release|Any CPU
		{488CBBA8-721F-4378-A88F-59EF3C2F3609}.Debug|Any CPU.ActiveCfg = Debug|Any CPU
		{488CBBA8-721F-4378-A88F-59EF3C2F3609}.Debug|Any CPU.Build.0 = Debug|Any CPU
		{488CBBA8-721F-4378-A88F-59EF3C2F3609}.Debug|x64.ActiveCfg = Debug|Any CPU
		{488CBBA8-721F-4378-A88F-59EF3C2F3609}.Debug|x64.Build.0 = Debug|Any CPU
		{488CBBA8-721F-4378-A88F-59EF3C2F3609}.Debug|x86.ActiveCfg = Debug|Any CPU
		{488CBBA8-721F-4378-A88F-59EF3C2F3609}.Debug|x86.Build.0 = Debug|Any CPU
		{488CBBA8-721F-4378-A88F-59EF3C2F3609}.Release|Any CPU.ActiveCfg = Release|Any CPU
		{488CBBA8-721F-4378-A88F-59EF3C2F3609}.Release|Any CPU.Build.0 = Release|Any CPU
		{488CBBA8-721F-4378-A88F-59EF3C2F3609}.Release|x64.ActiveCfg = Release|Any CPU
		{488CBBA8-721F-4378-A88F-59EF3C2F3609}.Release|x64.Build.0 = Release|Any CPU
		{488CBBA8-721F-4378-A88F-59EF3C2F3609}.Release|x86.ActiveCfg = Release|Any CPU
		{488CBBA8-721F-4378-A88F-59EF3C2F3609}.Release|x86.Build.0 = Release|Any CPU
		{1C01AA3C-B048-43C5-A431-2AF7BBE1222B}.Debug|Any CPU.ActiveCfg = Debug|Any CPU
		{1C01AA3C-B048-43C5-A431-2AF7BBE1222B}.Debug|Any CPU.Build.0 = Debug|Any CPU
		{1C01AA3C-B048-43C5-A431-2AF7BBE1222B}.Debug|x64.ActiveCfg = Debug|Any CPU
		{1C01AA3C-B048-43C5-A431-2AF7BBE1222B}.Debug|x64.Build.0 = Debug|Any CPU
		{1C01AA3C-B048-43C5-A431-2AF7BBE1222B}.Debug|x86.ActiveCfg = Debug|Any CPU
		{1C01AA3C-B048-43C5-A431-2AF7BBE1222B}.Debug|x86.Build.0 = Debug|Any CPU
		{1C01AA3C-B048-43C5-A431-2AF7BBE1222B}.Release|Any CPU.ActiveCfg = Release|Any CPU
		{1C01AA3C-B048-43C5-A431-2AF7BBE1222B}.Release|Any CPU.Build.0 = Release|Any CPU
		{1C01AA3C-B048-43C5-A431-2AF7BBE1222B}.Release|x64.ActiveCfg = Release|Any CPU
		{1C01AA3C-B048-43C5-A431-2AF7BBE1222B}.Release|x64.Build.0 = Release|Any CPU
		{1C01AA3C-B048-43C5-A431-2AF7BBE1222B}.Release|x86.ActiveCfg = Release|Any CPU
		{1C01AA3C-B048-43C5-A431-2AF7BBE1222B}.Release|x86.Build.0 = Release|Any CPU
	EndGlobalSection
	GlobalSection(SolutionProperties) = preSolution
		HideSolutionNode = FALSE
	EndGlobalSection
	GlobalSection(NestedProjects) = preSolution
		{93FC3130-A6FF-458E-9EA9-56AE759DB2FD} = {827E0CD3-B72D-47B6-A68D-7590B98EB39B}
		{C6DECA99-6CB7-43E3-A7D5-8A2BC730324C} = {827E0CD3-B72D-47B6-A68D-7590B98EB39B}
		{C90A8E7B-BEEB-4AC3-8AC4-2FCB495D42FB} = {0AB3BF05-4346-4AA6-1389-037BE0695223}
		{488CBBA8-721F-4378-A88F-59EF3C2F3609} = {0AB3BF05-4346-4AA6-1389-037BE0695223}
		{315CA803-6594-2960-E914-1C74C996C958} = {5D20AA90-6969-D8BD-9DCD-8634F4692FDA}
		{1C01AA3C-B048-43C5-A431-2AF7BBE1222B} = {315CA803-6594-2960-E914-1C74C996C958}
	EndGlobalSection
EndGlobal
